
Microsoft Visual Studio Solution File, Format Version 12.00
# Visual Studio Version 17
VisualStudioVersion = 17.7.34221.43
MinimumVisualStudioVersion = 10.0.40219.1
Project("{888888A0-9F3D-457C-B088-3A5042F75D52}") = "ArknightJsonReader", "ArknightJsonReader.pyproj", "{943B3765-4398-4C1D-BE97-13C2663F12F0}"
EndProject
Global
	GlobalSection(SolutionConfigurationPlatforms) = preSolution
		Debug|Any CPU = Debug|Any CPU
		Release|Any CPU = Release|Any CPU
	EndGlobalSection
	GlobalSection(ProjectConfigurationPlatforms) = postSolution
		{943B3765-4398-4C1D-BE97-13C2663F12F0}.Debug|Any CPU.ActiveCfg = Debug|Any CPU
		{943B3765-4398-4C1D-BE97-13C2663F12F0}.Release|Any CPU.ActiveCfg = Release|Any CPU
	EndGlobalSection
	GlobalSection(SolutionProperties) = preSolution
		HideSolutionNode = FALSE
	EndGlobalSection
	GlobalSection(ExtensibilityGlobals) = postSolution
		SolutionGuid = {D1CD24C5-1248-478C-9BF2-B476BAEA667B}
	EndGlobalSection
EndGlobal
